
Microsoft Visual Studio Solution File, Format Version 12.00
# Visual Studio Version 17
VisualStudioVersion = 17.0.31903.59
MinimumVisualStudioVersion = 10.0.40219.1
Project("{FAE04EC0-301F-11D3-BF4B-00C04F79EFBC}") = "CanadianVisaChatbot.Mobile", "CanadianVisaChatbot.Mobile\CanadianVisaChatbot.Mobile.csproj", "{F1C9ABA6-A1A8-4D4D-92EC-80D41030F5C6}"
EndProject
Project("{FAE04EC0-301F-11D3-BF4B-00C04F79EFBC}") = "CanadianVisaChatbot.Api", "CanadianVisaChatbot.Api\CanadianVisaChatbot.Api.csproj", "{9C5B27D7-F581-4D95-87F8-F532E24F47F2}"
EndProject
Project("{FAE04EC0-301F-11D3-BF4B-00C04F79EFBC}") = "CanadianVisaChatbot.Shared", "CanadianVisaChatbot.Shared\CanadianVisaChatbot.Shared.csproj", "{0AD080A3-62FD-47E1-B8F8-A0B82A3ED850}"
EndProject
Global
	GlobalSection(SolutionConfigurationPlatforms) = preSolution
		Debug|Any CPU = Debug|Any CPU
		Debug|x64 = Debug|x64
		Debug|x86 = Debug|x86
		Release|Any CPU = Release|Any CPU
		Release|x64 = Release|x64
		Release|x86 = Release|x86
	EndGlobalSection
	GlobalSection(ProjectConfigurationPlatforms) = postSolution
		{F1C9ABA6-A1A8-4D4D-92EC-80D41030F5C6}.Debug|Any CPU.ActiveCfg = Debug|Any CPU
		{F1C9ABA6-A1A8-4D4D-92EC-80D41030F5C6}.Debug|Any CPU.Build.0 = Debug|Any CPU
		{F1C9ABA6-A1A8-4D4D-92EC-80D41030F5C6}.Debug|x64.ActiveCfg = Debug|Any CPU
		{F1C9ABA6-A1A8-4D4D-92EC-80D41030F5C6}.Debug|x64.Build.0 = Debug|Any CPU
		{F1C9ABA6-A1A8-4D4D-92EC-80D41030F5C6}.Debug|x86.ActiveCfg = Debug|Any CPU
		{F1C9ABA6-A1A8-4D4D-92EC-80D41030F5C6}.Debug|x86.Build.0 = Debug|Any CPU
		{F1C9ABA6-A1A8-4D4D-92EC-80D41030F5C6}.Release|Any CPU.ActiveCfg = Release|Any CPU
		{F1C9ABA6-A1A8-4D4D-92EC-80D41030F5C6}.Release|Any CPU.Build.0 = Release|Any CPU
		{F1C9ABA6-A1A8-4D4D-92EC-80D41030F5C6}.Release|x64.ActiveCfg = Release|Any CPU
		{F1C9ABA6-A1A8-4D4D-92EC-80D41030F5C6}.Release|x64.Build.0 = Release|Any CPU
		{F1C9ABA6-A1A8-4D4D-92EC-80D41030F5C6}.Release|x86.ActiveCfg = Release|Any CPU
		{F1C9ABA6-A1A8-4D4D-92EC-80D41030F5C6}.Release|x86.Build.0 = Release|Any CPU
		{9C5B27D7-F581-4D95-87F8-F532E24F47F2}.Debug|Any CPU.ActiveCfg = Debug|Any CPU
		{9C5B27D7-F581-4D95-87F8-F532E24F47F2}.Debug|Any CPU.Build.0 = Debug|Any CPU
		{9C5B27D7-F581-4D95-87F8-F532E24F47F2}.Debug|x64.ActiveCfg = Debug|Any CPU
		{9C5B27D7-F581-4D95-87F8-F532E24F47F2}.Debug|x64.Build.0 = Debug|Any CPU
		{9C5B27D7-F581-4D95-87F8-F532E24F47F2}.Debug|x86.ActiveCfg = Debug|Any CPU
		{9C5B27D7-F581-4D95-87F8-F532E24F47F2}.Debug|x86.Build.0 = Debug|Any CPU
		{9C5B27D7-F581-4D95-87F8-F532E24F47F2}.Release|Any CPU.ActiveCfg = Release|Any CPU
		{9C5B27D7-F581-4D95-87F8-F532E24F47F2}.Release|Any CPU.Build.0 = Release|Any CPU
		{9C5B27D7-F581-4D95-87F8-F532E24F47F2}.Release|x64.ActiveCfg = Release|Any CPU
		{9C5B27D7-F581-4D95-87F8-F532E24F47F2}.Release|x64.Build.0 = Release|Any CPU
		{9C5B27D7-F581-4D95-87F8-F532E24F47F2}.Release|x86.ActiveCfg = Release|Any CPU
		{9C5B27D7-F581-4D95-87F8-F532E24F47F2}.Release|x86.Build.0 = Release|Any CPU
		{0AD080A3-62FD-47E1-B8F8-A0B82A3ED850}.Debug|Any CPU.ActiveCfg = Debug|Any CPU
		{0AD080A3-62FD-47E1-B8F8-A0B82A3ED850}.Debug|Any CPU.Build.0 = Debug|Any CPU
		{0AD080A3-62FD-47E1-B8F8-A0B82A3ED850}.Debug|x64.ActiveCfg = Debug|Any CPU
		{0AD080A3-62FD-47E1-B8F8-A0B82A3ED850}.Debug|x64.Build.0 = Debug|Any CPU
		{0AD080A3-62FD-47E1-B8F8-A0B82A3ED850}.Debug|x86.ActiveCfg = Debug|Any CPU
		{0AD080A3-62FD-47E1-B8F8-A0B82A3ED850}.Debug|x86.Build.0 = Debug|Any CPU
		{0AD080A3-62FD-47E1-B8F8-A0B82A3ED850}.Release|Any CPU.ActiveCfg = Release|Any CPU
		{0AD080A3-62FD-47E1-B8F8-A0B82A3ED850}.Release|Any CPU.Build.0 = Release|Any CPU
		{0AD080A3-62FD-47E1-B8F8-A0B82A3ED850}.Release|x64.ActiveCfg = Release|Any CPU
		{0AD080A3-62FD-47E1-B8F8-A0B82A3ED850}.Release|x64.Build.0 = Release|Any CPU
		{0AD080A3-62FD-47E1-B8F8-A0B82A3ED850}.Release|x86.ActiveCfg = Release|Any CPU
		{0AD080A3-62FD-47E1-B8F8-A0B82A3ED850}.Release|x86.Build.0 = Release|Any CPU
	EndGlobalSection
	GlobalSection(SolutionProperties) = preSolution
		HideSolutionNode = FALSE
	EndGlobalSection
EndGlobal
